// !$*UTF8*$!
{
	archiveVersion = 1;
	classes = {
	};
	objectVersion = 56;
	objects = {

/* Begin PBXBuildFile section */
		A1000001000000000000001A /* Luddo_DashApp.swift in Sources */ = {isa = PBXBuildFile; fileRef = A1000002000000000000001A /* Luddo_DashApp.swift */; };
		A1000001000000000000001B /* ContentView.swift in Sources */ = {isa = PBXBuildFile; fileRef = A1000002000000000000001B /* ContentView.swift */; };
		A1000001000000000000001C /* Assets.xcassets in Resources */ = {isa = PBXBuildFile; fileRef = A1000002000000000000001C /* Assets.xcassets */; };
		A1000001000000000000001D /* HealthResponse.swift in Sources */ = {isa = PBXBuildFile; fileRef = A1000002000000000000001D /* HealthResponse.swift */; };
		A1000001000000000000001E /* MetricsModels.swift in Sources */ = {isa = PBXBuildFile; fileRef = A1000002000000000000001E /* MetricsModels.swift */; };
		A1000001000000000000001F /* GameModels.swift in Sources */ = {isa = PBXBuildFile; fileRef = A1000002000000000000001F /* GameModels.swift */; };
		A10000010000000000000020 /* AIModels.swift in Sources */ = {isa = PBXBuildFile; fileRef = A10000020000000000000020 /* AIModels.swift */; };
		A10000010000000000000021 /* SystemModels.swift in Sources */ = {isa = PBXBuildFile; fileRef = A10000020000000000000021 /* SystemModels.swift */; };
		A10000010000000000000022 /* TrendModels.swift in Sources */ = {isa = PBXBuildFile; fileRef = A10000020000000000000022 /* TrendModels.swift */; };
		A10000010000000000000023 /* UtilityModels.swift in Sources */ = {isa = PBXBuildFile; fileRef = A10000020000000000000023 /* UtilityModels.swift */; };
		A10000010000000000000024 /* LuddoAPIClient.swift in Sources */ = {isa = PBXBuildFile; fileRef = A10000020000000000000024 /* LuddoAPIClient.swift */; };
		A10000010000000000000025 /* FeedbackManager.swift in Sources */ = {isa = PBXBuildFile; fileRef = A10000020000000000000025 /* FeedbackManager.swift */; };
		A10000010000000000000026 /* SharedComponents.swift in Sources */ = {isa = PBXBuildFile; fileRef = A10000020000000000000026 /* SharedComponents.swift */; };
		A10000010000000000000027 /* DashboardView.swift in Sources */ = {isa = PBXBuildFile; fileRef = A10000020000000000000027 /* DashboardView.swift */; };
		A10000010000000000000028 /* GamesView.swift in Sources */ = {isa = PBXBuildFile; fileRef = A10000020000000000000028 /* GamesView.swift */; };
		A10000010000000000000029 /* AIAnalyticsView.swift in Sources */ = {isa = PBXBuildFile; fileRef = A10000020000000000000029 /* AIAnalyticsView.swift */; };
		A1000001000000000000002A /* SystemMonitorView.swift in Sources */ = {isa = PBXBuildFile; fileRef = A1000002000000000000002A /* SystemMonitorView.swift */; };
		A1000001000000000000002B /* UtilitiesView.swift in Sources */ = {isa = PBXBuildFile; fileRef = A1000002000000000000002B /* UtilitiesView.swift */; };
		E096E2AE2EE1B8A2007D7669 /* LearnView.swift in Sources */ = {isa = PBXBuildFile; fileRef = E096E2AD2EE1B8A2007D7669 /* LearnView.swift */; };
		E096E2B02EE1B95E007D7669 /* LearningModels.swift in Sources */ = {isa = PBXBuildFile; fileRef = E096E2AF2EE1B95E007D7669 /* LearningModels.swift */; };
		E0AD06C52ED8E73A008940E5 /* LocationManager.swift in Sources */ = {isa = PBXBuildFile; fileRef = E0AD06C42ED8E73A008940E5 /* LocationManager.swift */; };
		E0B599DB2EE0D5F30003A2E0 /* LiveAIView.swift in Sources */ = {isa = PBXBuildFile; fileRef = E0B599DA2EE0D5F20003A2E0 /* LiveAIView.swift */; };
		E0B599DD2EE0D6110003A2E0 /* LiveAIModels.swift in Sources */ = {isa = PBXBuildFile; fileRef = E0B599DC2EE0D6110003A2E0 /* LiveAIModels.swift */; };
/* End PBXBuildFile section */

/* Begin PBXFileReference section */
		A1000002000000000000001A /* Luddo_DashApp.swift */ = {isa = PBXFileReference; lastKnownFileType = sourcecode.swift; path = Luddo_DashApp.swift; sourceTree = "<group>"; };
		A1000002000000000000001B /* ContentView.swift */ = {isa = PBXFileReference; lastKnownFileType = sourcecode.swift; path = ContentView.swift; sourceTree = "<group>"; };
		A1000002000000000000001C /* Assets.xcassets */ = {isa = PBXFileReference; lastKnownFileType = folder.assetcatalog; path = Assets.xcassets; sourceTree = "<group>"; };
		A1000002000000000000001D /* HealthResponse.swift */ = {isa = PBXFileReference; lastKnownFileType = sourcecode.swift; path = HealthResponse.swift; sourceTree = "<group>"; };
		A1000002000000000000001E /* MetricsModels.swift */ = {isa = PBXFileReference; lastKnownFileType = sourcecode.swift; path = MetricsModels.swift; sourceTree = "<group>"; };
		A1000002000000000000001F /* GameModels.swift */ = {isa = PBXFileReference; lastKnownFileType = sourcecode.swift; path = GameModels.swift; sourceTree = "<group>"; };
		A10000020000000000000020 /* AIModels.swift */ = {isa = PBXFileReference; lastKnownFileType = sourcecode.swift; path = AIModels.swift; sourceTree = "<group>"; };
		A10000020000000000000021 /* SystemModels.swift */ = {isa = PBXFileReference; lastKnownFileType = sourcecode.swift; path = SystemModels.swift; sourceTree = "<group>"; };
		A10000020000000000000022 /* TrendModels.swift */ = {isa = PBXFileReference; lastKnownFileType = sourcecode.swift; path = TrendModels.swift; sourceTree = "<group>"; };
		A10000020000000000000023 /* UtilityModels.swift */ = {isa = PBXFileReference; lastKnownFileType = sourcecode.swift; path = UtilityModels.swift; sourceTree = "<group>"; };
		A10000020000000000000024 /* LuddoAPIClient.swift */ = {isa = PBXFileReference; lastKnownFileType = sourcecode.swift; path = LuddoAPIClient.swift; sourceTree = "<group>"; };
		A10000020000000000000025 /* FeedbackManager.swift */ = {isa = PBXFileReference; lastKnownFileType = sourcecode.swift; path = FeedbackManager.swift; sourceTree = "<group>"; };
		A10000020000000000000026 /* SharedComponents.swift */ = {isa = PBXFileReference; lastKnownFileType = sourcecode.swift; path = SharedComponents.swift; sourceTree = "<group>"; };
		A10000020000000000000027 /* DashboardView.swift */ = {isa = PBXFileReference; lastKnownFileType = sourcecode.swift; path = DashboardView.swift; sourceTree = "<group>"; };
		A10000020000000000000028 /* GamesView.swift */ = {isa = PBXFileReference; lastKnownFileType = sourcecode.swift; path = GamesView.swift; sourceTree = "<group>"; };
		A10000020000000000000029 /* AIAnalyticsView.swift */ = {isa = PBXFileReference; lastKnownFileType = sourcecode.swift; path = AIAnalyticsView.swift; sourceTree = "<group>"; };
		A1000002000000000000002A /* SystemMonitorView.swift */ = {isa = PBXFileReference; lastKnownFileType = sourcecode.swift; path = SystemMonitorView.swift; sourceTree = "<group>"; };
		A1000002000000000000002B /* UtilitiesView.swift */ = {isa = PBXFileReference; lastKnownFileType = sourcecode.swift; path = UtilitiesView.swift; sourceTree = "<group>"; };
		A10000030000000000000001 /* Luddo-Dash.app */ = {isa = PBXFileReference; explicitFileType = wrapper.application; includeInIndex = 0; path = "Luddo-Dash.app"; sourceTree = BUILT_PRODUCTS_DIR; };
		E096E2AD2EE1B8A2007D7669 /* LearnView.swift */ = {isa = PBXFileReference; lastKnownFileType = sourcecode.swift; path = LearnView.swift; sourceTree = "<group>"; };
		E096E2AF2EE1B95E007D7669 /* LearningModels.swift */ = {isa = PBXFileReference; lastKnownFileType = sourcecode.swift; path = LearningModels.swift; sourceTree = "<group>"; };
		E0AD06C42ED8E73A008940E5 /* LocationManager.swift */ = {isa = PBXFileReference; lastKnownFileType = sourcecode.swift; path = LocationManager.swift; sourceTree = "<group>"; };
		E0B599DA2EE0D5F20003A2E0 /* LiveAIView.swift */ = {isa = PBXFileReference; lastKnownFileType = sourcecode.swift; path = LiveAIView.swift; sourceTree = "<group>"; };
		E0B599DC2EE0D6110003A2E0 /* LiveAIModels.swift */ = {isa = PBXFileReference; lastKnownFileType = sourcecode.swift; path = LiveAIModels.swift; sourceTree = "<group>"; };
/* End PBXFileReference section */

/* Begin PBXFrameworksBuildPhase section */
		A10000040000000000000001 /* Frameworks */ = {
			isa = PBXFrameworksBuildPhase;
			buildActionMask = 2147483647;
			files = (
			);
			runOnlyForDeploymentPostprocessing = 0;
		};
/* End PBXFrameworksBuildPhase section */

/* Begin PBXGroup section */
		A10000050000000000000001 = {
			isa = PBXGroup;
			children = (
				A10000050000000000000002 /* Luddo-Dash */,
				A10000050000000000000003 /* Products */,
			);
			sourceTree = "<group>";
		};
		A10000050000000000000002 /* Luddo-Dash */ = {
			isa = PBXGroup;
			children = (
				A1000002000000000000001A /* Luddo_DashApp.swift */,
				A1000002000000000000001B /* ContentView.swift */,
				A10000050000000000000004 /* Models */,
				A10000050000000000000005 /* Views */,
				A10000050000000000000006 /* Services */,
				A1000002000000000000001C /* Assets.xcassets */,
			);
			path = "Luddo-Dash";
			sourceTree = "<group>";
		};
		A10000050000000000000003 /* Products */ = {
			isa = PBXGroup;
			children = (
				A10000030000000000000001 /* Luddo-Dash.app */,
			);
			name = Products;
			sourceTree = "<group>";
		};
		A10000050000000000000004 /* Models */ = {
			isa = PBXGroup;
			children = (
				A1000002000000000000001D /* HealthResponse.swift */,
				A1000002000000000000001E /* MetricsModels.swift */,
				A1000002000000000000001F /* GameModels.swift */,
				E096E2AF2EE1B95E007D7669 /* LearningModels.swift */,
				A10000020000000000000020 /* AIModels.swift */,
				E0B599DC2EE0D6110003A2E0 /* LiveAIModels.swift */,
				A10000020000000000000021 /* SystemModels.swift */,
				A10000020000000000000022 /* TrendModels.swift */,
				A10000020000000000000023 /* UtilityModels.swift */,
			);
			path = Models;
			sourceTree = "<group>";
		};
		A10000050000000000000005 /* Views */ = {
			isa = PBXGroup;
			children = (
				A10000020000000000000027 /* DashboardView.swift */,
				A10000020000000000000028 /* GamesView.swift */,
				A10000020000000000000029 /* AIAnalyticsView.swift */,
				A1000002000000000000002A /* SystemMonitorView.swift */,
				E096E2AD2EE1B8A2007D7669 /* LearnView.swift */,
				A1000002000000000000002B /* UtilitiesView.swift */,
				E0B599DA2EE0D5F20003A2E0 /* LiveAIView.swift */,
				A10000050000000000000007 /* Components */,
			);
			path = Views;
			sourceTree = "<group>";
		};
		A10000050000000000000006 /* Services */ = {
			isa = PBXGroup;
			children = (
				A10000020000000000000024 /* LuddoAPIClient.swift */,
				E0AD06C42ED8E73A008940E5 /* LocationManager.swift */,
				A10000020000000000000025 /* FeedbackManager.swift */,
			);
			path = Services;
			sourceTree = "<group>";
		};
		A10000050000000000000007 /* Components */ = {
			isa = PBXGroup;
			children = (
				A10000020000000000000026 /* SharedComponents.swift */,
			);
			path = Components;
			sourceTree = "<group>";
		};
/* End PBXGroup section */

/* Begin PBXNativeTarget section */
		A10000060000000000000001 /* Luddo-Dash */ = {
			isa = PBXNativeTarget;
			buildConfigurationList = A10000070000000000000001 /* Build configuration list for PBXNativeTarget "Luddo-Dash" */;
			buildPhases = (
				A10000080000000000000001 /* Sources */,
				A10000040000000000000001 /* Frameworks */,
				A10000090000000000000001 /* Resources */,
			);
			buildRules = (
			);
			dependencies = (
			);
			name = "Luddo-Dash";
			productName = "Luddo-Dash";
			productReference = A10000030000000000000001 /* Luddo-Dash.app */;
			productType = "com.apple.product-type.application";
		};
/* End PBXNativeTarget section */

/* Begin PBXProject section */
		A1000000A000000000000001 /* Project object */ = {
			isa = PBXProject;
			attributes = {
				BuildIndependentTargetsInParallel = 1;
				LastSwiftUpdateCheck = 1520;
				LastUpgradeCheck = 2600;
				TargetAttributes = {
					A10000060000000000000001 = {
						CreatedOnToolsVersion = 15.2;
					};
				};
			};
			buildConfigurationList = A1000000B000000000000001 /* Build configuration list for PBXProject "Luddo-Dash" */;
			compatibilityVersion = "Xcode 14.0";
			developmentRegion = en;
			hasScannedForEncodings = 0;
			knownRegions = (
				en,
				Base,
			);
			mainGroup = A10000050000000000000001;
			productRefGroup = A10000050000000000000003 /* Products */;
			projectDirPath = "";
			projectRoot = "";
			targets = (
				A10000060000000000000001 /* Luddo-Dash */,
			);
		};
/* End PBXProject section */

/* Begin PBXResourcesBuildPhase section */
		A10000090000000000000001 /* Resources */ = {
			isa = PBXResourcesBuildPhase;
			buildActionMask = 2147483647;
			files = (
				A1000001000000000000001C /* Assets.xcassets in Resources */,
			);
			runOnlyForDeploymentPostprocessing = 0;
		};
/* End PBXResourcesBuildPhase section */

/* Begin PBXSourcesBuildPhase section */
		A10000080000000000000001 /* Sources */ = {
			isa = PBXSourcesBuildPhase;
			buildActionMask = 2147483647;
			files = (
				A1000001000000000000001A /* Luddo_DashApp.swift in Sources */,
				E096E2AE2EE1B8A2007D7669 /* LearnView.swift in Sources */,
				A1000001000000000000001B /* ContentView.swift in Sources */,
				A1000001000000000000001D /* HealthResponse.swift in Sources */,
				A1000001000000000000001E /* MetricsModels.swift in Sources */,
				A1000001000000000000001F /* GameModels.swift in Sources */,
				A10000010000000000000020 /* AIModels.swift in Sources */,
				A10000010000000000000021 /* SystemModels.swift in Sources */,
				E0B599DD2EE0D6110003A2E0 /* LiveAIModels.swift in Sources */,
				A10000010000000000000022 /* TrendModels.swift in Sources */,
				E0AD06C52ED8E73A008940E5 /* LocationManager.swift in Sources */,
				A10000010000000000000023 /* UtilityModels.swift in Sources */,
				E0B599DB2EE0D5F30003A2E0 /* LiveAIView.swift in Sources */,
				A10000010000000000000024 /* LuddoAPIClient.swift in Sources */,
				A10000010000000000000025 /* FeedbackManager.swift in Sources */,
				A10000010000000000000026 /* SharedComponents.swift in Sources */,
				A10000010000000000000027 /* DashboardView.swift in Sources */,
				A10000010000000000000028 /* GamesView.swift in Sources */,
				A10000010000000000000029 /* AIAnalyticsView.swift in Sources */,
				A1000001000000000000002A /* SystemMonitorView.swift in Sources */,
				A1000001000000000000002B /* UtilitiesView.swift in Sources */,
				E096E2B02EE1B95E007D7669 /* LearningModels.swift in Sources */,
			);
			runOnlyForDeploymentPostprocessing = 0;
		};
/* End PBXSourcesBuildPhase section */

/* Begin XCBuildConfiguration section */
		A1000000C000000000000001 /* Debug */ = {
			isa = XCBuildConfiguration;
			buildSettings = {
				ALWAYS_SEARCH_USER_PATHS = NO;
				ASSETCATALOG_COMPILER_GENERATE_SWIFT_ASSET_SYMBOL_EXTENSIONS = YES;
				CLANG_ANALYZER_NONNULL = YES;
				CLANG_ANALYZER_NUMBER_OBJECT_CONVERSION = YES_AGGRESSIVE;
				CLANG_CXX_LANGUAGE_STANDARD = "gnu++20";
				CLANG_ENABLE_MODULES = YES;
				CLANG_ENABLE_OBJC_ARC = YES;
				CLANG_ENABLE_OBJC_WEAK = YES;
				CLANG_WARN_BLOCK_CAPTURE_AUTORELEASING = YES;
				CLANG_WARN_BOOL_CONVERSION = YES;
				CLANG_WARN_COMMA = YES;
				CLANG_WARN_CONSTANT_CONVERSION = YES;
				CLANG_WARN_DEPRECATED_OBJC_IMPLEMENTATIONS = YES;
				CLANG_WARN_DIRECT_OBJC_ISA_USAGE = YES_ERROR;
				CLANG_WARN_DOCUMENTATION_COMMENTS = YES;
				CLANG_WARN_EMPTY_BODY = YES;
				CLANG_WARN_ENUM_CONVERSION = YES;
				CLANG_WARN_INFINITE_RECURSION = YES;
				CLANG_WARN_INT_CONVERSION = YES;
				CLANG_WARN_NON_LITERAL_NULL_CONVERSION = YES;
				CLANG_WARN_OBJC_IMPLICIT_RETAIN_SELF = YES;
				CLANG_WARN_OBJC_LITERAL_CONVERSION = YES;
				CLANG_WARN_OBJC_ROOT_CLASS = YES_ERROR;
				CLANG_WARN_QUOTED_INCLUDE_IN_FRAMEWORK_HEADER = YES;
				CLANG_WARN_RANGE_LOOP_ANALYSIS = YES;
				CLANG_WARN_STRICT_PROTOTYPES = YES;
				CLANG_WARN_SUSPICIOUS_MOVE = YES;
				CLANG_WARN_UNGUARDED_AVAILABILITY = YES_AGGRESSIVE;
				CLANG_WARN_UNREACHABLE_CODE = YES;
				CLANG_WARN__DUPLICATE_METHOD_MATCH = YES;
				COPY_PHASE_STRIP = NO;
				DEBUG_INFORMATION_FORMAT = dwarf;
				DEVELOPMENT_TEAM = KQCJJK9F42;
				ENABLE_STRICT_OBJC_MSGSEND = YES;
				ENABLE_TESTABILITY = YES;
				ENABLE_USER_SCRIPT_SANDBOXING = YES;
				GCC_C_LANGUAGE_STANDARD = gnu17;
				GCC_DYNAMIC_NO_PIC = NO;
				GCC_NO_COMMON_BLOCKS = YES;
				GCC_OPTIMIZATION_LEVEL = 0;
				GCC_PREPROCESSOR_DEFINITIONS = (
					"DEBUG=1",
					"$(inherited)",
				);
				GCC_WARN_64_TO_32_BIT_CONVERSION = YES;
				GCC_WARN_ABOUT_RETURN_TYPE = YES_ERROR;
				GCC_WARN_UNDECLARED_SELECTOR = YES;
				GCC_WARN_UNINITIALIZED_AUTOS = YES_AGGRESSIVE;
				GCC_WARN_UNUSED_FUNCTION = YES;
				GCC_WARN_UNUSED_VARIABLE = YES;
				IPHONEOS_DEPLOYMENT_TARGET = 17.0;
				LOCALIZATION_PREFERS_STRING_CATALOGS = YES;
				MTL_ENABLE_DEBUG_INFO = INCLUDE_SOURCE;
				MTL_FAST_MATH = YES;
				ONLY_ACTIVE_ARCH = YES;
				SDKROOT = iphoneos;
				STRING_CATALOG_GENERATE_SYMBOLS = YES;
				SWIFT_ACTIVE_COMPILATION_CONDITIONS = "DEBUG $(inherited)";
				SWIFT_OPTIMIZATION_LEVEL = "-Onone";
			};
			name = Debug;
		};
		A1000000C000000000000002 /* Release */ = {
			isa = XCBuildConfiguration;
			buildSettings = {
				ALWAYS_SEARCH_USER_PATHS = NO;
				ASSETCATALOG_COMPILER_GENERATE_SWIFT_ASSET_SYMBOL_EXTENSIONS = YES;
				CLANG_ANALYZER_NONNULL = YES;
				CLANG_ANALYZER_NUMBER_OBJECT_CONVERSION = YES_AGGRESSIVE;
				CLANG_CXX_LANGUAGE_STANDARD = "gnu++20";
				CLANG_ENABLE_MODULES = YES;
				CLANG_ENABLE_OBJC_ARC = YES;
				CLANG_ENABLE_OBJC_WEAK = YES;
				CLANG_WARN_BLOCK_CAPTURE_AUTORELEASING = YES;
				CLANG_WARN_BOOL_CONVERSION = YES;
				CLANG_WARN_COMMA = YES;
				CLANG_WARN_CONSTANT_CONVERSION = YES;
				CLANG_WARN_DEPRECATED_OBJC_IMPLEMENTATIONS = YES;
				CLANG_WARN_DIRECT_OBJC_ISA_USAGE = YES_ERROR;
				CLANG_WARN_DOCUMENTATION_COMMENTS = YES;
				CLANG_WARN_EMPTY_BODY = YES;
				CLANG_WARN_ENUM_CONVERSION = YES;
				CLANG_WARN_INFINITE_RECURSION = YES;
				CLANG_WARN_INT_CONVERSION = YES;
				CLANG_WARN_NON_LITERAL_NULL_CONVERSION = YES;
				CLANG_WARN_OBJC_IMPLICIT_RETAIN_SELF = YES;
				CLANG_WARN_OBJC_LITERAL_CONVERSION = YES;
				CLANG_WARN_OBJC_ROOT_CLASS = YES_ERROR;
				CLANG_WARN_QUOTED_INCLUDE_IN_FRAMEWORK_HEADER = YES;
				CLANG_WARN_RANGE_LOOP_ANALYSIS = YES;
				CLANG_WARN_STRICT_PROTOTYPES = YES;
				CLANG_WARN_SUSPICIOUS_MOVE = YES;
				CLANG_WARN_UNGUARDED_AVAILABILITY = YES_AGGRESSIVE;
				CLANG_WARN_UNREACHABLE_CODE = YES;
				CLANG_WARN__DUPLICATE_METHOD_MATCH = YES;
				COPY_PHASE_STRIP = NO;
				DEBUG_INFORMATION_FORMAT = "dwarf-with-dsym";
				DEVELOPMENT_TEAM = KQCJJK9F42;
				ENABLE_NS_ASSERTIONS = NO;
				ENABLE_STRICT_OBJC_MSGSEND = YES;
				ENABLE_USER_SCRIPT_SANDBOXING = YES;
				GCC_C_LANGUAGE_STANDARD = gnu17;
				GCC_NO_COMMON_BLOCKS = YES;
				GCC_WARN_64_TO_32_BIT_CONVERSION = YES;
				GCC_WARN_ABOUT_RETURN_TYPE = YES_ERROR;
				GCC_WARN_UNDECLARED_SELECTOR = YES;
				GCC_WARN_UNINITIALIZED_AUTOS = YES_AGGRESSIVE;
				GCC_WARN_UNUSED_FUNCTION = YES;
				GCC_WARN_UNUSED_VARIABLE = YES;
				IPHONEOS_DEPLOYMENT_TARGET = 17.0;
				LOCALIZATION_PREFERS_STRING_CATALOGS = YES;
				MTL_ENABLE_DEBUG_INFO = NO;
				MTL_FAST_MATH = YES;
				SDKROOT = iphoneos;
				STRING_CATALOG_GENERATE_SYMBOLS = YES;
				SWIFT_COMPILATION_MODE = wholemodule;
				VALIDATE_PRODUCT = YES;
			};
			name = Release;
		};
		A1000000D000000000000001 /* Debug */ = {
			isa = XCBuildConfiguration;
			buildSettings = {
				ASSETCATALOG_COMPILER_APPICON_NAME = AppIcon;
				ASSETCATALOG_COMPILER_GLOBAL_ACCENT_COLOR_NAME = AccentColor;
				CODE_SIGN_STYLE = Automatic;
				CURRENT_PROJECT_VERSION = 1;
				DEVELOPMENT_ASSET_PATHS = "";
				ENABLE_PREVIEWS = YES;
				GENERATE_INFOPLIST_FILE = YES;
				INFOPLIST_KEY_CFBundleDisplayName = "Luddo Dash";
				INFOPLIST_KEY_UIApplicationSceneManifest_Generation = YES;
				INFOPLIST_KEY_UIApplicationSupportsIndirectInputEvents = YES;
				INFOPLIST_KEY_UILaunchScreen_Generation = YES;
				INFOPLIST_KEY_UISupportedInterfaceOrientations_iPad = "UIInterfaceOrientationPortrait UIInterfaceOrientationPortraitUpsideDown UIInterfaceOrientationLandscapeLeft UIInterfaceOrientationLandscapeRight";
				INFOPLIST_KEY_UISupportedInterfaceOrientations_iPhone = "UIInterfaceOrientationPortrait UIInterfaceOrientationLandscapeLeft UIInterfaceOrientationLandscapeRight";
				LD_RUNPATH_SEARCH_PATHS = (
					"$(inherited)",
					"@executable_path/Frameworks",
				);
				MARKETING_VERSION = 1.0;
				PRODUCT_BUNDLE_IDENTIFIER = "com.luddo.Luddo-Dash";
				PRODUCT_NAME = "$(TARGET_NAME)";
				SWIFT_EMIT_LOC_STRINGS = YES;
				SWIFT_VERSION = 5.0;
				TARGETED_DEVICE_FAMILY = "1,2";
			};
			name = Debug;
		};
		A1000000D000000000000002 /* Release */ = {
			isa = XCBuildConfiguration;
			buildSettings = {
				ASSETCATALOG_COMPILER_APPICON_NAME = AppIcon;
				ASSETCATALOG_COMPILER_GLOBAL_ACCENT_COLOR_NAME = AccentColor;
				CODE_SIGN_STYLE = Automatic;
				CURRENT_PROJECT_VERSION = 1;
				DEVELOPMENT_ASSET_PATHS = "";
				ENABLE_PREVIEWS = YES;
				GENERATE_INFOPLIST_FILE = YES;
				INFOPLIST_KEY_CFBundleDisplayName = "Luddo Dash";
				INFOPLIST_KEY_UIApplicationSceneManifest_Generation = YES;
				INFOPLIST_KEY_UIApplicationSupportsIndirectInputEvents = YES;
				INFOPLIST_KEY_UILaunchScreen_Generation = YES;
				INFOPLIST_KEY_UISupportedInterfaceOrientations_iPad = "UIInterfaceOrientationPortrait UIInterfaceOrientationPortraitUpsideDown UIInterfaceOrientationLandscapeLeft UIInterfaceOrientationLandscapeRight";
				INFOPLIST_KEY_UISupportedInterfaceOrientations_iPhone = "UIInterfaceOrientationPortrait UIInterfaceOrientationLandscapeLeft UIInterfaceOrientationLandscapeRight";
				LD_RUNPATH_SEARCH_PATHS = (
					"$(inherited)",
					"@executable_path/Frameworks",
				);
				MARKETING_VERSION = 1.0;
				PRODUCT_BUNDLE_IDENTIFIER = "com.luddo.Luddo-Dash";
				PRODUCT_NAME = "$(TARGET_NAME)";
				SWIFT_EMIT_LOC_STRINGS = YES;
				SWIFT_VERSION = 5.0;
				TARGETED_DEVICE_FAMILY = "1,2";
			};
			name = Release;
		};
/* End XCBuildConfiguration section */

/* Begin XCConfigurationList section */
		A1000000B000000000000001 /* Build configuration list for PBXProject "Luddo-Dash" */ = {
			isa = XCConfigurationList;
			buildConfigurations = (
				A1000000C000000000000001 /* Debug */,
				A1000000C000000000000002 /* Release */,
			);
			defaultConfigurationIsVisible = 0;
			defaultConfigurationName = Release;
		};
		A10000070000000000000001 /* Build configuration list for PBXNativeTarget "Luddo-Dash" */ = {
			isa = XCConfigurationList;
			buildConfigurations = (
				A1000000D000000000000001 /* Debug */,
				A1000000D000000000000002 /* Release */,
			);
			defaultConfigurationIsVisible = 0;
			defaultConfigurationName = Release;
		};
/* End XCConfigurationList section */
	};
	rootObject = A1000000A000000000000001 /* Project object */;
}
